
Microsoft Visual Studio Solution File, Format Version 12.00
# Visual Studio Version 16
VisualStudioVersion = 16.0.29728.190
MinimumVisualStudioVersion = 10.0.40219.1
Project("{9A19103F-16F7-4668-BE54-9A1E7A4F7556}") = "sharp-FnpManning", "sharp-FnpManning.csproj", "{5FAEF7C7-32EA-4379-B912-B452223364CB}"
EndProject
Project("{9A19103F-16F7-4668-BE54-9A1E7A4F7556}") = "LaYumba.Functional", "..\LaYumba.Functional\LaYumba.Functional.csproj", "{99979D2A-3372-46C3-807D-32A724313C49}"
EndProject
Project("{FAE04EC0-301F-11D3-BF4B-00C04F79EFBC}") = "FpPatterns", "..\FpPatterns\FpPatterns.csproj", "{55CAA735-780C-4222-B48F-5EB90C4B2C1E}"
EndProject
Global
	GlobalSection(SolutionConfigurationPlatforms) = preSolution
		Debug|Any CPU = Debug|Any CPU
		Release|Any CPU = Release|Any CPU
	EndGlobalSection
	GlobalSection(ProjectConfigurationPlatforms) = postSolution
		{5FAEF7C7-32EA-4379-B912-B452223364CB}.Debug|Any CPU.ActiveCfg = Debug|Any CPU
		{5FAEF7C7-32EA-4379-B912-B452223364CB}.Debug|Any CPU.Build.0 = Debug|Any CPU
		{5FAEF7C7-32EA-4379-B912-B452223364CB}.Release|Any CPU.ActiveCfg = Release|Any CPU
		{5FAEF7C7-32EA-4379-B912-B452223364CB}.Release|Any CPU.Build.0 = Release|Any CPU
		{99979D2A-3372-46C3-807D-32A724313C49}.Debug|Any CPU.ActiveCfg = Debug|Any CPU
		{99979D2A-3372-46C3-807D-32A724313C49}.Debug|Any CPU.Build.0 = Debug|Any CPU
		{99979D2A-3372-46C3-807D-32A724313C49}.Release|Any CPU.ActiveCfg = Release|Any CPU
		{99979D2A-3372-46C3-807D-32A724313C49}.Release|Any CPU.Build.0 = Release|Any CPU
		{55CAA735-780C-4222-B48F-5EB90C4B2C1E}.Debug|Any CPU.ActiveCfg = Debug|Any CPU
		{55CAA735-780C-4222-B48F-5EB90C4B2C1E}.Debug|Any CPU.Build.0 = Debug|Any CPU
		{55CAA735-780C-4222-B48F-5EB90C4B2C1E}.Release|Any CPU.ActiveCfg = Release|Any CPU
		{55CAA735-780C-4222-B48F-5EB90C4B2C1E}.Release|Any CPU.Build.0 = Release|Any CPU
	EndGlobalSection
	GlobalSection(SolutionProperties) = preSolution
		HideSolutionNode = FALSE
	EndGlobalSection
	GlobalSection(ExtensibilityGlobals) = postSolution
		SolutionGuid = {0E1788A9-DA82-4057-8998-8308BE35601D}
	EndGlobalSection
EndGlobal
